{
  "name": "protractor",
  "version": "1.0.0",
  "lockfileVersion": 3,
  "requires": true,
  "packages": {
    "": {
      "name": "protractor",
      "version": "1.0.0",
      "license": "ISC",
      "dependencies": {
        "jasmine-data-provider": "^2.2.0",
        "jasmine-reporters": "^2.5.2",
        "protractor-beautiful-reporter": "^1.3.6",
        "protractor-html-reporter": "^1.3.2"
      }
    },
    "node_modules/@xmldom/xmldom": {
      "version": "0.8.10",
      "resolved": "https://registry.npmjs.org/@xmldom/xmldom/-/xmldom-0.8.10.tgz",
      "integrity": "sha512-2WALfTl4xo2SkGCYRt6rDTFfk9R1czmBvUQy12gK2KuRKIpWEhcbbzy8EZXtz/jkRqHX8bFEc6FC1HjX4TUWYw==",
      "license": "MIT",
      "engines": {
        "node": ">=10.0.0"
      }
    },
    "node_modules/circular-json": {
      "version": "0.3.3",
      "resolved": "https://registry.npmjs.org/circular-json/-/circular-json-0.3.3.tgz",
      "integrity": "sha512-UZK3NBx2Mca+b5LsG7bY183pHWt5Y1xts4P3Pz7ENTwGVnJOUWbRb3ocjvX7hx9tq/yTAdclXm9sZ38gNuem4A==",
      "deprecated": "CircularJSON is in maintenance only, flatted is its successor.",
      "license": "MIT"
    },
    "node_modules/fs": {
      "version": "0.0.1-security",
      "resolved": "https://registry.npmjs.org/fs/-/fs-0.0.1-security.tgz",
      "integrity": "sha512-3XY9e1pP0CVEUCdj5BmfIZxRBTSDycnbqhIOGec9QYtmVH2fbLpj86CFWkrNOkt/Fvty4KZG5lTglL9j/gJ87w==",
      "license": "ISC"
    },
    "node_modules/fs-extra": {
      "version": "1.0.0",
      "resolved": "https://registry.npmjs.org/fs-extra/-/fs-extra-1.0.0.tgz",
      "integrity": "sha512-VerQV6vEKuhDWD2HGOybV6v5I73syoc/cXAbKlgTC7M/oFVEtklWlp9QH2Ijw3IaWDOQcMkldSPa7zXy79Z/UQ==",
      "license": "MIT",
      "dependencies": {
        "graceful-fs": "^4.1.2",
        "jsonfile": "^2.1.0",
        "klaw": "^1.0.0"
      }
    },
    "node_modules/graceful-fs": {
      "version": "4.2.11",
      "resolved": "https://registry.npmjs.org/graceful-fs/-/graceful-fs-4.2.11.tgz",
      "integrity": "sha512-RbJ5/jmFcNNCcDV5o9eTnBLJ/HszWV0P73bc+Ff4nS/rJj+YaS6IGyiOL0VoBYX+l1Wrl3k63h/KrH+nhJ0XvQ==",
      "license": "ISC"
    },
    "node_modules/inherits": {
      "version": "2.0.3",
      "resolved": "https://registry.npmjs.org/inherits/-/inherits-2.0.3.tgz",
      "integrity": "sha512-x00IRNXNy63jwGkJmzPigoySHbaqpNuzKbBOmzK+g2OdZpQ9w+sxCN+VSB3ja7IAge2OP2qpfxTjeNcyjmW1uw==",
      "license": "ISC"
    },
    "node_modules/jasmine-data-provider": {
      "version": "2.2.0",
      "resolved": "https://registry.npmjs.org/jasmine-data-provider/-/jasmine-data-provider-2.2.0.tgz",
      "integrity": "sha512-0mdt8k46aTNntTiaa7gINkcnqeQhVTiL6JQGl+SPdeQOggWgwu1UDQ1PNoJRGv1tkoLUThZ0Z/WxTdDbV8Yk3A==",
      "license": "MIT"
    },
    "node_modules/jasmine-reporters": {
      "version": "2.5.2",
      "resolved": "https://registry.npmjs.org/jasmine-reporters/-/jasmine-reporters-2.5.2.tgz",
      "integrity": "sha512-qdewRUuFOSiWhiyWZX8Yx3YNQ9JG51ntBEO4ekLQRpktxFTwUHy24a86zD/Oi2BRTKksEdfWQZcQFqzjqIkPig==",
      "license": "MIT",
      "dependencies": {
        "@xmldom/xmldom": "^0.8.5",
        "mkdirp": "^1.0.4"
      }
    },
    "node_modules/jsonfile": {
      "version": "2.4.0",
      "resolved": "https://registry.npmjs.org/jsonfile/-/jsonfile-2.4.0.tgz",
      "integrity": "sha512-PKllAqbgLgxHaj8TElYymKCAgrASebJrWpTnEkOaTowt23VKXXN0sUeriJ+eh7y6ufb/CC5ap11pz71/cM0hUw==",
      "license": "MIT",
      "optionalDependencies": {
        "graceful-fs": "^4.1.6"
      }
    },
    "node_modules/klaw": {
      "version": "1.3.1",
      "resolved": "https://registry.npmjs.org/klaw/-/klaw-1.3.1.tgz",
      "integrity": "sha512-TED5xi9gGQjGpNnvRWknrwAB1eL5GciPfVFOt3Vk1OJCVDQbzuSfrF3hkUQKlsgKrG1F+0t5W0m+Fje1jIt8rw==",
      "license": "MIT",
      "optionalDependencies": {
        "graceful-fs": "^4.1.9"
      }
    },
    "node_modules/klaw-sync": {
      "version": "2.1.0",
      "resolved": "https://registry.npmjs.org/klaw-sync/-/klaw-sync-2.1.0.tgz",
      "integrity": "sha512-lIxVCUMQIF7hfygFfdZgv4Z+e1smLroaYNQMUcf1TcJ5oqxj9m8qk19iIuMVl+tXQPr3CSE4V+4XjGEqmsth0Q==",
      "license": "MIT",
      "optionalDependencies": {
        "graceful-fs": "^4.1.11"
      }
    },
    "node_modules/lodash": {
      "version": "4.17.21",
      "resolved": "https://registry.npmjs.org/lodash/-/lodash-4.17.21.tgz",
      "integrity": "sha512-v2kDEe57lecTulaDIuNTPy3Ry4gLGJ6Z1O3vE1krgXZNrsQ+LFTGHVxVjcXPs17LhbZVGedAJv8XZ1tvj5FvSg==",
      "license": "MIT"
    },
    "node_modules/mkdirp": {
      "version": "1.0.4",
      "resolved": "https://registry.npmjs.org/mkdirp/-/mkdirp-1.0.4.tgz",
      "integrity": "sha512-vVqVZQyf3WLx2Shd0qJ9xuvqgAyKPLAiqITEtqW0oIUjzo3PePDd6fW9iFz30ef7Ysp/oiWqbhszeGWW2T6Gzw==",
      "license": "MIT",
      "bin": {
        "mkdirp": "bin/cmd.js"
      },
      "engines": {
        "node": ">=10"
      }
    },
    "node_modules/path": {
      "version": "0.12.7",
      "resolved": "https://registry.npmjs.org/path/-/path-0.12.7.tgz",
      "integrity": "sha512-aXXC6s+1w7otVF9UletFkFcDsJeO7lSZBPUQhtb5O0xJe8LtYhj/GxldoL09bBj9+ZmE2hNoHqQSFMN5fikh4Q==",
      "license": "MIT",
      "dependencies": {
        "process": "^0.11.1",
        "util": "^0.10.3"
      }
    },
    "node_modules/process": {
      "version": "0.11.10",
      "resolved": "https://registry.npmjs.org/process/-/process-0.11.10.tgz",
      "integrity": "sha512-cdGef/drWFoydD1JsMzuFf8100nZl+GT+yacc2bEced5f9Rjk4z+WtFUTBu9PhOi9j/jfmBPu0mMEY4wIdAF8A==",
      "license": "MIT",
      "engines": {
        "node": ">= 0.6.0"
      }
    },
    "node_modules/protractor-beautiful-reporter": {
      "version": "1.3.6",
      "resolved": "https://registry.npmjs.org/protractor-beautiful-reporter/-/protractor-beautiful-reporter-1.3.6.tgz",
      "integrity": "sha512-lALPJJV8li3AqweEfKcXSRBK/QSe82FyB13b1+6NQvrAkE6YyoZ91pYg1ZNUcaZU0HO+pPAmbF4mfW+5FLvieg==",
      "license": "MIT",
      "dependencies": {
        "circular-json": "^0.3.1",
        "fs-extra": "^3.0.1",
        "klaw-sync": "^2.1.0",
        "mkdirp": "~0.3.5"
      }
    },
    "node_modules/protractor-beautiful-reporter/node_modules/fs-extra": {
      "version": "3.0.1",
      "resolved": "https://registry.npmjs.org/fs-extra/-/fs-extra-3.0.1.tgz",
      "integrity": "sha512-V3Z3WZWVUYd8hoCL5xfXJCaHWYzmtwW5XWYSlLgERi8PWd8bx1kUHUk8L1BT57e49oKnDDD180mjfrHc1yA9rg==",
      "license": "MIT",
      "dependencies": {
        "graceful-fs": "^4.1.2",
        "jsonfile": "^3.0.0",
        "universalify": "^0.1.0"
      }
    },
    "node_modules/protractor-beautiful-reporter/node_modules/jsonfile": {
      "version": "3.0.1",
      "resolved": "https://registry.npmjs.org/jsonfile/-/jsonfile-3.0.1.tgz",
      "integrity": "sha512-oBko6ZHlubVB5mRFkur5vgYR1UyqX+S6Y/oCfLhqNdcc2fYFlDpIoNc7AfKS1KOGcnNAkvsr0grLck9ANM815w==",
      "license": "MIT",
      "optionalDependencies": {
        "graceful-fs": "^4.1.6"
      }
    },
    "node_modules/protractor-beautiful-reporter/node_modules/mkdirp": {
      "version": "0.3.5",
      "resolved": "https://registry.npmjs.org/mkdirp/-/mkdirp-0.3.5.tgz",
      "integrity": "sha512-8OCq0De/h9ZxseqzCH8Kw/Filf5pF/vMI6+BH7Lu0jXz2pqYCjTAQRolSxRIi+Ax+oCCjlxoJMP0YQ4XlrQNHg==",
      "deprecated": "Legacy versions of mkdirp are no longer supported. Please update to mkdirp 1.x. (Note that the API surface has changed to use Promises in 1.x.)",
      "license": "MIT"
    },
    "node_modules/protractor-html-reporter": {
      "version": "1.3.2",
      "resolved": "https://registry.npmjs.org/protractor-html-reporter/-/protractor-html-reporter-1.3.2.tgz",
      "integrity": "sha512-RWSPGpDZTgBj7m3QcR4zXHehADBNlrlvgfD6e5M6JK297hm6yUYd2CA790n3wBUnhE7s/NYRIRAtvBKyYoiGnA==",
      "license": "MIT",
      "dependencies": {
        "fs": "0.0.1-security",
        "fs-extra": "^1.0.0",
        "lodash": "^4.17.2",
        "path": "^0.12.7",
        "xmldoc": "^0.5.1"
      }
    },
    "node_modules/sax": {
      "version": "1.1.6",
      "resolved": "https://registry.npmjs.org/sax/-/sax-1.1.6.tgz",
      "integrity": "sha512-8zci48uUQyfqynGDSkUMD7FCJB96hwLnlZOXlgs1l3TX+LW27t3psSWKUxC0fxVgA86i8tL4NwGcY1h/6t3ESg==",
      "license": "ISC"
    },
    "node_modules/universalify": {
      "version": "0.1.2",
      "resolved": "https://registry.npmjs.org/universalify/-/universalify-0.1.2.tgz",
      "integrity": "sha512-rBJeI5CXAlmy1pV+617WB9J63U6XcazHHF2f2dbJix4XzpUF0RS3Zbj0FGIOCAva5P/d/GBOYaACQ1w+0azUkg==",
      "license": "MIT",
      "engines": {
        "node": ">= 4.0.0"
      }
    },
    "node_modules/util": {
      "version": "0.10.4",
      "resolved": "https://registry.npmjs.org/util/-/util-0.10.4.tgz",
      "integrity": "sha512-0Pm9hTQ3se5ll1XihRic3FDIku70C+iHUdT/W926rSgHV5QgXsYbKZN8MSC3tJtSkhuROzvsQjAaFENRXr+19A==",
      "license": "MIT",
      "dependencies": {
        "inherits": "2.0.3"
      }
    },
    "node_modules/xmldoc": {
      "version": "0.5.1",
      "resolved": "https://registry.npmjs.org/xmldoc/-/xmldoc-0.5.1.tgz",
      "integrity": "sha512-RT40I5jVmRRle710br/W2XwIBg3Ev2y1FMQ5tKA4ueBuxTL1+hCOvRMpHeNshzmT0mTmR0TROP70srD/x9EWnQ==",
      "license": "MIT",
      "dependencies": {
        "sax": "~1.1.1"
      }
    }
  }
}
